
Microsoft Visual Studio Solution File, Format Version 12.00
# Visual Studio Version 16
VisualStudioVersion = 16.0.29613.14
MinimumVisualStudioVersion = 10.0.40219.1
Project("{FAE04EC0-301F-11D3-BF4B-00C04F79EFBC}") = "MeetingService", "MeetingService.csproj", "{BF8579CA-7227-4DA6-B685-2BF01E498687}"
EndProject
Global
	GlobalSection(SolutionConfigurationPlatforms) = preSolution
		Debug|Any CPU = Debug|Any CPU
		Release|Any CPU = Release|Any CPU
	EndGlobalSection
	GlobalSection(ProjectConfigurationPlatforms) = postSolution
		{BF8579CA-7227-4DA6-B685-2BF01E498687}.Debug|Any CPU.ActiveCfg = Debug|Any CPU
		{BF8579CA-7227-4DA6-B685-2BF01E498687}.Debug|Any CPU.Build.0 = Debug|Any CPU
		{BF8579CA-7227-4DA6-B685-2BF01E498687}.Release|Any CPU.ActiveCfg = Release|Any CPU
		{BF8579CA-7227-4DA6-B685-2BF01E498687}.Release|Any CPU.Build.0 = Release|Any CPU
	EndGlobalSection
	GlobalSection(SolutionProperties) = preSolution
		HideSolutionNode = FALSE
	EndGlobalSection
	GlobalSection(ExtensibilityGlobals) = postSolution
		SolutionGuid = {815F6AC7-F80B-485B-B182-98FA84B705D7}
	EndGlobalSection
EndGlobal
